
Microsoft Visual Studio Solution File, Format Version 12.00
# Visual Studio Version 17
VisualStudioVersion = 17.0.31903.59
MinimumVisualStudioVersion = 10.0.40219.1
Project("{FAE04EC0-301F-11D3-BF4B-00C04F79EFBC}") = "Project-Transcendence.BuisnessLogic", "Project-Transcendence.BuisnessLogic\Project-Transcendence.BuisnessLogic.csproj", "{67D6EE80-29D6-44A3-B567-84272CE2959A}"
EndProject
Project("{FAE04EC0-301F-11D3-BF4B-00C04F79EFBC}") = "Project-Transcendence.ConsoleApp", "Project-Transcendence.ConsoleApp\Project-Transcendence.ConsoleApp.csproj", "{EFB21574-7685-4A41-BFA7-10568EFC2455}"
EndProject
Global
	GlobalSection(SolutionConfigurationPlatforms) = preSolution
		Debug|Any CPU = Debug|Any CPU
		Release|Any CPU = Release|Any CPU
	EndGlobalSection
	GlobalSection(ProjectConfigurationPlatforms) = postSolution
		{67D6EE80-29D6-44A3-B567-84272CE2959A}.Debug|Any CPU.ActiveCfg = Debug|Any CPU
		{67D6EE80-29D6-44A3-B567-84272CE2959A}.Debug|Any CPU.Build.0 = Debug|Any CPU
		{67D6EE80-29D6-44A3-B567-84272CE2959A}.Release|Any CPU.ActiveCfg = Release|Any CPU
		{67D6EE80-29D6-44A3-B567-84272CE2959A}.Release|Any CPU.Build.0 = Release|Any CPU
		{EFB21574-7685-4A41-BFA7-10568EFC2455}.Debug|Any CPU.ActiveCfg = Debug|Any CPU
		{EFB21574-7685-4A41-BFA7-10568EFC2455}.Debug|Any CPU.Build.0 = Debug|Any CPU
		{EFB21574-7685-4A41-BFA7-10568EFC2455}.Release|Any CPU.ActiveCfg = Release|Any CPU
		{EFB21574-7685-4A41-BFA7-10568EFC2455}.Release|Any CPU.Build.0 = Release|Any CPU
	EndGlobalSection
	GlobalSection(SolutionProperties) = preSolution
		HideSolutionNode = FALSE
	EndGlobalSection
	GlobalSection(ExtensibilityGlobals) = postSolution
		SolutionGuid = {94283E5C-4176-4D16-B109-B54DE2D4991C}
	EndGlobalSection
EndGlobal
